// !$*UTF8*$!
{
	archiveVersion = 1;
	classes = {
	};
	objectVersion = 46;
	objects = {

/* Begin PBXBuildFile section */
		2526F3461D921D990002258B /* socketHelper.m in Sources */ = {isa = PBXBuildFile; fileRef = 2526F3451D921D990002258B /* socketHelper.m */; };
		254FE6DD1D91822E004E3D34 /* Documentation.html in Resources */ = {isa = PBXBuildFile; fileRef = 254FE6D81D91822E004E3D34 /* Documentation.html */; };
		254FE6DE1D91822E004E3D34 /* GCDAsyncSocket.m in Sources */ = {isa = PBXBuildFile; fileRef = 254FE6DA1D91822E004E3D34 /* GCDAsyncSocket.m */; };
		254FE6DF1D91822E004E3D34 /* GCDAsyncUdpSocket.m in Sources */ = {isa = PBXBuildFile; fileRef = 254FE6DC1D91822E004E3D34 /* GCDAsyncUdpSocket.m */; };
		2566D94F1D912F9A001757D1 /* main.m in Sources */ = {isa = PBXBuildFile; fileRef = 2566D94E1D912F9A001757D1 /* main.m */; };
		2566D9521D912F9A001757D1 /* AppDelegate.m in Sources */ = {isa = PBXBuildFile; fileRef = 2566D9511D912F9A001757D1 /* AppDelegate.m */; };
		2566D9551D912F9A001757D1 /* ViewController.m in Sources */ = {isa = PBXBuildFile; fileRef = 2566D9541D912F9A001757D1 /* ViewController.m */; };
		2566D9581D912F9A001757D1 /* Main.storyboard in Resources */ = {isa = PBXBuildFile; fileRef = 2566D9561D912F9A001757D1 /* Main.storyboard */; };
		2566D95A1D912F9A001757D1 /* Assets.xcassets in Resources */ = {isa = PBXBuildFile; fileRef = 2566D9591D912F9A001757D1 /* Assets.xcassets */; };
		2566D95D1D912F9A001757D1 /* LaunchScreen.storyboard in Resources */ = {isa = PBXBuildFile; fileRef = 2566D95B1D912F9A001757D1 /* LaunchScreen.storyboard */; };
		2566D9681D912F9A001757D1 /* Scoket_sslTests.m in Sources */ = {isa = PBXBuildFile; fileRef = 2566D9671D912F9A001757D1 /* Scoket_sslTests.m */; };
		2566D9731D912F9A001757D1 /* Scoket_sslUITests.m in Sources */ = {isa = PBXBuildFile; fileRef = 2566D9721D912F9A001757D1 /* Scoket_sslUITests.m */; };
/* End PBXBuildFile section */

/* Begin PBXContainerItemProxy section */
		2566D9641D912F9A001757D1 /* PBXContainerItemProxy */ = {
			isa = PBXContainerItemProxy;
			containerPortal = 2566D9421D912F9A001757D1 /* Project object */;
			proxyType = 1;
			remoteGlobalIDString = 2566D9491D912F9A001757D1;
			remoteInfo = Scoket_ssl;
		};
		2566D96F1D912F9A001757D1 /* PBXContainerItemProxy */ = {
			isa = PBXContainerItemProxy;
			containerPortal = 2566D9421D912F9A001757D1 /* Project object */;
			proxyType = 1;
			remoteGlobalIDString = 2566D9491D912F9A001757D1;
			remoteInfo = Scoket_ssl;
		};
/* End PBXContainerItemProxy section */

/* Begin PBXFileReference section */
		2526F3441D921D990002258B /* socketHelper.h */ = {isa = PBXFileReference; fileEncoding = 4; lastKnownFileType = sourcecode.c.h; path = socketHelper.h; sourceTree = "<group>"; };
		2526F3451D921D990002258B /* socketHelper.m */ = {isa = PBXFileReference; fileEncoding = 4; lastKnownFileType = sourcecode.c.objc; path = socketHelper.m; sourceTree = "<group>"; };
		254FE6D81D91822E004E3D34 /* Documentation.html */ = {isa = PBXFileReference; fileEncoding = 4; lastKnownFileType = text.html; path = Documentation.html; sourceTree = "<group>"; };
		254FE6D91D91822E004E3D34 /* GCDAsyncSocket.h */ = {isa = PBXFileReference; fileEncoding = 4; lastKnownFileType = sourcecode.c.h; path = GCDAsyncSocket.h; sourceTree = "<group>"; };
		254FE6DA1D91822E004E3D34 /* GCDAsyncSocket.m */ = {isa = PBXFileReference; fileEncoding = 4; lastKnownFileType = sourcecode.c.objc; path = GCDAsyncSocket.m; sourceTree = "<group>"; };
		254FE6DB1D91822E004E3D34 /* GCDAsyncUdpSocket.h */ = {isa = PBXFileReference; fileEncoding = 4; lastKnownFileType = sourcecode.c.h; path = GCDAsyncUdpSocket.h; sourceTree = "<group>"; };
		254FE6DC1D91822E004E3D34 /* GCDAsyncUdpSocket.m */ = {isa = PBXFileReference; fileEncoding = 4; lastKnownFileType = sourcecode.c.objc; path = GCDAsyncUdpSocket.m; sourceTree = "<group>"; };
		2566D94A1D912F9A001757D1 /* Scoket_ssl.app */ = {isa = PBXFileReference; explicitFileType = wrapper.application; includeInIndex = 0; path = Scoket_ssl.app; sourceTree = BUILT_PRODUCTS_DIR; };
		2566D94E1D912F9A001757D1 /* main.m */ = {isa = PBXFileReference; lastKnownFileType = sourcecode.c.objc; path = main.m; sourceTree = "<group>"; };
		2566D9501D912F9A001757D1 /* AppDelegate.h */ = {isa = PBXFileReference; lastKnownFileType = sourcecode.c.h; path = AppDelegate.h; sourceTree = "<group>"; };
		2566D9511D912F9A001757D1 /* AppDelegate.m */ = {isa = PBXFileReference; lastKnownFileType = sourcecode.c.objc; path = AppDelegate.m; sourceTree = "<group>"; };
		2566D9531D912F9A001757D1 /* ViewController.h */ = {isa = PBXFileReference; lastKnownFileType = sourcecode.c.h; path = ViewController.h; sourceTree = "<group>"; };
		2566D9541D912F9A001757D1 /* ViewController.m */ = {isa = PBXFileReference; lastKnownFileType = sourcecode.c.objc; path = ViewController.m; sourceTree = "<group>"; };
		2566D9571D912F9A001757D1 /* Base */ = {isa = PBXFileReference; lastKnownFileType = file.storyboard; name = Base; path = Base.lproj/Main.storyboard; sourceTree = "<group>"; };
		2566D9591D912F9A001757D1 /* Assets.xcassets */ = {isa = PBXFileReference; lastKnownFileType = folder.assetcatalog; path = Assets.xcassets; sourceTree = "<group>"; };
		2566D95C1D912F9A001757D1 /* Base */ = {isa = PBXFileReference; lastKnownFileType = file.storyboard; name = Base; path = Base.lproj/LaunchScreen.storyboard; sourceTree = "<group>"; };
		2566D95E1D912F9A001757D1 /* Info.plist */ = {isa = PBXFileReference; lastKnownFileType = text.plist.xml; path = Info.plist; sourceTree = "<group>"; };
		2566D9631D912F9A001757D1 /* Scoket_sslTests.xctest */ = {isa = PBXFileReference; explicitFileType = wrapper.cfbundle; includeInIndex = 0; path = Scoket_sslTests.xctest; sourceTree = BUILT_PRODUCTS_DIR; };
		2566D9671D912F9A001757D1 /* Scoket_sslTests.m */ = {isa = PBXFileReference; lastKnownFileType = sourcecode.c.objc; path = Scoket_sslTests.m; sourceTree = "<group>"; };
		2566D9691D912F9A001757D1 /* Info.plist */ = {isa = PBXFileReference; lastKnownFileType = text.plist.xml; path = Info.plist; sourceTree = "<group>"; };
		2566D96E1D912F9A001757D1 /* Scoket_sslUITests.xctest */ = {isa = PBXFileReference; explicitFileType = wrapper.cfbundle; includeInIndex = 0; path = Scoket_sslUITests.xctest; sourceTree = BUILT_PRODUCTS_DIR; };
		2566D9721D912F9A001757D1 /* Scoket_sslUITests.m */ = {isa = PBXFileReference; lastKnownFileType = sourcecode.c.objc; path = Scoket_sslUITests.m; sourceTree = "<group>"; };
		2566D9741D912F9A001757D1 /* Info.plist */ = {isa = PBXFileReference; lastKnownFileType = text.plist.xml; path = Info.plist; sourceTree = "<group>"; };
/* End PBXFileReference section */

/* Begin PBXFrameworksBuildPhase section */
		2566D9471D912F9A001757D1 /* Frameworks */ = {
			isa = PBXFrameworksBuildPhase;
			buildActionMask = 2147483647;
			files = (
			);
			runOnlyForDeploymentPostprocessing = 0;
		};
		2566D9601D912F9A001757D1 /* Frameworks */ = {
			isa = PBXFrameworksBuildPhase;
			buildActionMask = 2147483647;
			files = (
			);
			runOnlyForDeploymentPostprocessing = 0;
		};
		2566D96B1D912F9A001757D1 /* Frameworks */ = {
			isa = PBXFrameworksBuildPhase;
			buildActionMask = 2147483647;
			files = (
			);
			runOnlyForDeploymentPostprocessing = 0;
		};
/* End PBXFrameworksBuildPhase section */

/* Begin PBXGroup section */
		254FE6D71D91822E004E3D34 /* GCD */ = {
			isa = PBXGroup;
			children = (
				254FE6D81D91822E004E3D34 /* Documentation.html */,
				254FE6D91D91822E004E3D34 /* GCDAsyncSocket.h */,
				254FE6DA1D91822E004E3D34 /* GCDAsyncSocket.m */,
				254FE6DB1D91822E004E3D34 /* GCDAsyncUdpSocket.h */,
				254FE6DC1D91822E004E3D34 /* GCDAsyncUdpSocket.m */,
			);
			path = GCD;
			sourceTree = "<group>";
		};
		2566D9411D912F9A001757D1 = {
			isa = PBXGroup;
			children = (
				2566D94C1D912F9A001757D1 /* Scoket_ssl */,
				2566D9661D912F9A001757D1 /* Scoket_sslTests */,
				2566D9711D912F9A001757D1 /* Scoket_sslUITests */,
				2566D94B1D912F9A001757D1 /* Products */,
			);
			sourceTree = "<group>";
		};
		2566D94B1D912F9A001757D1 /* Products */ = {
			isa = PBXGroup;
			children = (
				2566D94A1D912F9A001757D1 /* Scoket_ssl.app */,
				2566D9631D912F9A001757D1 /* Scoket_sslTests.xctest */,
				2566D96E1D912F9A001757D1 /* Scoket_sslUITests.xctest */,
			);
			name = Products;
			sourceTree = "<group>";
		};
		2566D94C1D912F9A001757D1 /* Scoket_ssl */ = {
			isa = PBXGroup;
			children = (
				254FE6D71D91822E004E3D34 /* GCD */,
				2566D9501D912F9A001757D1 /* AppDelegate.h */,
				2566D9511D912F9A001757D1 /* AppDelegate.m */,
				2566D9531D912F9A001757D1 /* ViewController.h */,
				2566D9541D912F9A001757D1 /* ViewController.m */,
				2526F3441D921D990002258B /* socketHelper.h */,
				2526F3451D921D990002258B /* socketHelper.m */,
				2566D9561D912F9A001757D1 /* Main.storyboard */,
				2566D9591D912F9A001757D1 /* Assets.xcassets */,
				2566D95B1D912F9A001757D1 /* LaunchScreen.storyboard */,
				2566D95E1D912F9A001757D1 /* Info.plist */,
				2566D94D1D912F9A001757D1 /* Supporting Files */,
			);
			path = Scoket_ssl;
			sourceTree = "<group>";
		};
		2566D94D1D912F9A001757D1 /* Supporting Files */ = {
			isa = PBXGroup;
			children = (
				2566D94E1D912F9A001757D1 /* main.m */,
			);
			name = "Supporting Files";
			sourceTree = "<group>";
		};
		2566D9661D912F9A001757D1 /* Scoket_sslTests */ = {
			isa = PBXGroup;
			children = (
				2566D9671D912F9A001757D1 /* Scoket_sslTests.m */,
				2566D9691D912F9A001757D1 /* Info.plist */,
			);
			path = Scoket_sslTests;
			sourceTree = "<group>";
		};
		2566D9711D912F9A001757D1 /* Scoket_sslUITests */ = {
			isa = PBXGroup;
			children = (
				2566D9721D912F9A001757D1 /* Scoket_sslUITests.m */,
				2566D9741D912F9A001757D1 /* Info.plist */,
			);
			path = Scoket_sslUITests;
			sourceTree = "<group>";
		};
/* End PBXGroup section */

/* Begin PBXNativeTarget section */
		2566D9491D912F9A001757D1 /* Scoket_ssl */ = {
			isa = PBXNativeTarget;
			buildConfigurationList = 2566D9771D912F9A001757D1 /* Build configuration list for PBXNativeTarget "Scoket_ssl" */;
			buildPhases = (
				2566D9461D912F9A001757D1 /* Sources */,
				2566D9471D912F9A001757D1 /* Frameworks */,
				2566D9481D912F9A001757D1 /* Resources */,
			);
			buildRules = (
			);
			dependencies = (
			);
			name = Scoket_ssl;
			productName = Scoket_ssl;
			productReference = 2566D94A1D912F9A001757D1 /* Scoket_ssl.app */;
			productType = "com.apple.product-type.application";
		};
		2566D9621D912F9A001757D1 /* Scoket_sslTests */ = {
			isa = PBXNativeTarget;
			buildConfigurationList = 2566D97A1D912F9A001757D1 /* Build configuration list for PBXNativeTarget "Scoket_sslTests" */;
			buildPhases = (
				2566D95F1D912F9A001757D1 /* Sources */,
				2566D9601D912F9A001757D1 /* Frameworks */,
				2566D9611D912F9A001757D1 /* Resources */,
			);
			buildRules = (
			);
			dependencies = (
				2566D9651D912F9A001757D1 /* PBXTargetDependency */,
			);
			name = Scoket_sslTests;
			productName = Scoket_sslTests;
			productReference = 2566D9631D912F9A001757D1 /* Scoket_sslTests.xctest */;
			productType = "com.apple.product-type.bundle.unit-test";
		};
		2566D96D1D912F9A001757D1 /* Scoket_sslUITests */ = {
			isa = PBXNativeTarget;
			buildConfigurationList = 2566D97D1D912F9A001757D1 /* Build configuration list for PBXNativeTarget "Scoket_sslUITests" */;
			buildPhases = (
				2566D96A1D912F9A001757D1 /* Sources */,
				2566D96B1D912F9A001757D1 /* Frameworks */,
				2566D96C1D912F9A001757D1 /* Resources */,
			);
			buildRules = (
			);
			dependencies = (
				2566D9701D912F9A001757D1 /* PBXTargetDependency */,
			);
			name = Scoket_sslUITests;
			productName = Scoket_sslUITests;
			productReference = 2566D96E1D912F9A001757D1 /* Scoket_sslUITests.xctest */;
			productType = "com.apple.product-type.bundle.ui-testing";
		};
/* End PBXNativeTarget section */

/* Begin PBXProject section */
		2566D9421D912F9A001757D1 /* Project object */ = {
			isa = PBXProject;
			attributes = {
				LastUpgradeCheck = 0800;
				ORGANIZATIONNAME = Qin;
				TargetAttributes = {
					2566D9491D912F9A001757D1 = {
						CreatedOnToolsVersion = 8.0;
						DevelopmentTeam = A6B524L4HD;
						ProvisioningStyle = Automatic;
					};
					2566D9621D912F9A001757D1 = {
						CreatedOnToolsVersion = 8.0;
						ProvisioningStyle = Automatic;
						TestTargetID = 2566D9491D912F9A001757D1;
					};
					2566D96D1D912F9A001757D1 = {
						CreatedOnToolsVersion = 8.0;
						ProvisioningStyle = Automatic;
						TestTargetID = 2566D9491D912F9A001757D1;
					};
				};
			};
			buildConfigurationList = 2566D9451D912F9A001757D1 /* Build configuration list for PBXProject "Scoket_ssl" */;
			compatibilityVersion = "Xcode 3.2";
			developmentRegion = English;
			hasScannedForEncodings = 0;
			knownRegions = (
				en,
				Base,
				English,
			);
			mainGroup = 2566D9411D912F9A001757D1;
			productRefGroup = 2566D94B1D912F9A001757D1 /* Products */;
			projectDirPath = "";
			projectRoot = "";
			targets = (
				2566D9491D912F9A001757D1 /* Scoket_ssl */,
				2566D9621D912F9A001757D1 /* Scoket_sslTests */,
				2566D96D1D912F9A001757D1 /* Scoket_sslUITests */,
			);
		};
/* End PBXProject section */

/* Begin PBXResourcesBuildPhase section */
		2566D9481D912F9A001757D1 /* Resources */ = {
			isa = PBXResourcesBuildPhase;
			buildActionMask = 2147483647;
			files = (
				2566D95D1D912F9A001757D1 /* LaunchScreen.storyboard in Resources */,
				2566D95A1D912F9A001757D1 /* Assets.xcassets in Resources */,
				2566D9581D912F9A001757D1 /* Main.storyboard in Resources */,
				254FE6DD1D91822E004E3D34 /* Documentation.html in Resources */,
			);
			runOnlyForDeploymentPostprocessing = 0;
		};
		2566D9611D912F9A001757D1 /* Resources */ = {
			isa = PBXResourcesBuildPhase;
			buildActionMask = 2147483647;
			files = (
			);
			runOnlyForDeploymentPostprocessing = 0;
		};
		2566D96C1D912F9A001757D1 /* Resources */ = {
			isa = PBXResourcesBuildPhase;
			buildActionMask = 2147483647;
			files = (
			);
			runOnlyForDeploymentPostprocessing = 0;
		};
/* End PBXResourcesBuildPhase section */

/* Begin PBXSourcesBuildPhase section */
		2566D9461D912F9A001757D1 /* Sources */ = {
			isa = PBXSourcesBuildPhase;
			buildActionMask = 2147483647;
			files = (
				2526F3461D921D990002258B /* socketHelper.m in Sources */,
				254FE6DE1D91822E004E3D34 /* GCDAsyncSocket.m in Sources */,
				254FE6DF1D91822E004E3D34 /* GCDAsyncUdpSocket.m in Sources */,
				2566D9551D912F9A001757D1 /* ViewController.m in Sources */,
				2566D9521D912F9A001757D1 /* AppDelegate.m in Sources */,
				2566D94F1D912F9A001757D1 /* main.m in Sources */,
			);
			runOnlyForDeploymentPostprocessing = 0;
		};
		2566D95F1D912F9A001757D1 /* Sources */ = {
			isa = PBXSourcesBuildPhase;
			buildActionMask = 2147483647;
			files = (
				2566D9681D912F9A001757D1 /* Scoket_sslTests.m in Sources */,
			);
			runOnlyForDeploymentPostprocessing = 0;
		};
		2566D96A1D912F9A001757D1 /* Sources */ = {
			isa = PBXSourcesBuildPhase;
			buildActionMask = 2147483647;
			files = (
				2566D9731D912F9A001757D1 /* Scoket_sslUITests.m in Sources */,
			);
			runOnlyForDeploymentPostprocessing = 0;
		};
/* End PBXSourcesBuildPhase section */

/* Begin PBXTargetDependency section */
		2566D9651D912F9A001757D1 /* PBXTargetDependency */ = {
			isa = PBXTargetDependency;
			target = 2566D9491D912F9A001757D1 /* Scoket_ssl */;
			targetProxy = 2566D9641D912F9A001757D1 /* PBXContainerItemProxy */;
		};
		2566D9701D912F9A001757D1 /* PBXTargetDependency */ = {
			isa = PBXTargetDependency;
			target = 2566D9491D912F9A001757D1 /* Scoket_ssl */;
			targetProxy = 2566D96F1D912F9A001757D1 /* PBXContainerItemProxy */;
		};
/* End PBXTargetDependency section */

/* Begin PBXVariantGroup section */
		2566D9561D912F9A001757D1 /* Main.storyboard */ = {
			isa = PBXVariantGroup;
			children = (
				2566D9571D912F9A001757D1 /* Base */,
			);
			name = Main.storyboard;
			sourceTree = "<group>";
		};
		2566D95B1D912F9A001757D1 /* LaunchScreen.storyboard */ = {
			isa = PBXVariantGroup;
			children = (
				2566D95C1D912F9A001757D1 /* Base */,
			);
			name = LaunchScreen.storyboard;
			sourceTree = "<group>";
		};
/* End PBXVariantGroup section */

/* Begin XCBuildConfiguration section */
		2566D9751D912F9A001757D1 /* Debug */ = {
			isa = XCBuildConfiguration;
			buildSettings = {
				ALWAYS_SEARCH_USER_PATHS = NO;
				CLANG_ANALYZER_NONNULL = YES;
				CLANG_CXX_LANGUAGE_STANDARD = "gnu++0x";
				CLANG_CXX_LIBRARY = "libc++";
				CLANG_ENABLE_MODULES = YES;
				CLANG_ENABLE_OBJC_ARC = YES;
				CLANG_WARN_BOOL_CONVERSION = YES;
				CLANG_WARN_CONSTANT_CONVERSION = YES;
				CLANG_WARN_DIRECT_OBJC_ISA_USAGE = YES_ERROR;
				CLANG_WARN_DOCUMENTATION_COMMENTS = YES;
				CLANG_WARN_EMPTY_BODY = YES;
				CLANG_WARN_ENUM_CONVERSION = YES;
				CLANG_WARN_INFINITE_RECURSION = YES;
				CLANG_WARN_INT_CONVERSION = YES;
				CLANG_WARN_OBJC_ROOT_CLASS = YES_ERROR;
				CLANG_WARN_SUSPICIOUS_MOVES = YES;
				CLANG_WARN_UNREACHABLE_CODE = YES;
				CLANG_WARN__DUPLICATE_METHOD_MATCH = YES;
				"CODE_SIGN_IDENTITY[sdk=iphoneos*]" = "iPhone Developer";
				COPY_PHASE_STRIP = NO;
				DEBUG_INFORMATION_FORMAT = dwarf;
				ENABLE_STRICT_OBJC_MSGSEND = YES;
				ENABLE_TESTABILITY = YES;
				GCC_C_LANGUAGE_STANDARD = gnu99;
				GCC_DYNAMIC_NO_PIC = NO;
				GCC_NO_COMMON_BLOCKS = YES;
				GCC_OPTIMIZATION_LEVEL = 0;
				GCC_PREPROCESSOR_DEFINITIONS = (
					"DEBUG=1",
					"$(inherited)",
				);
				GCC_WARN_64_TO_32_BIT_CONVERSION = YES;
				GCC_WARN_ABOUT_RETURN_TYPE = YES_ERROR;
				GCC_WARN_UNDECLARED_SELECTOR = YES;
				GCC_WARN_UNINITIALIZED_AUTOS = YES_AGGRESSIVE;
				GCC_WARN_UNUSED_FUNCTION = YES;
				GCC_WARN_UNUSED_VARIABLE = YES;
				IPHONEOS_DEPLOYMENT_TARGET = 10.0;
				MTL_ENABLE_DEBUG_INFO = YES;
				ONLY_ACTIVE_ARCH = YES;
				SDKROOT = iphoneos;
			};
			name = Debug;
		};
		2566D9761D912F9A001757D1 /* Release */ = {
			isa = XCBuildConfiguration;
			buildSettings = {
				ALWAYS_SEARCH_USER_PATHS = NO;
				CLANG_ANALYZER_NONNULL = YES;
				CLANG_CXX_LANGUAGE_STANDARD = "gnu++0x";
				CLANG_CXX_LIBRARY = "libc++";
				CLANG_ENABLE_MODULES = YES;
				CLANG_ENABLE_OBJC_ARC = YES;
				CLANG_WARN_BOOL_CONVERSION = YES;
				CLANG_WARN_CONSTANT_CONVERSION = YES;
				CLANG_WARN_DIRECT_OBJC_ISA_USAGE = YES_ERROR;
				CLANG_WARN_DOCUMENTATION_COMMENTS = YES;
				CLANG_WARN_EMPTY_BODY = YES;
				CLANG_WARN_ENUM_CONVERSION = YES;
				CLANG_WARN_INFINITE_RECURSION = YES;
				CLANG_WARN_INT_CONVERSION = YES;
				CLANG_WARN_OBJC_ROOT_CLASS = YES_ERROR;
				CLANG_WARN_SUSPICIOUS_MOVES = YES;
				CLANG_WARN_UNREACHABLE_CODE = YES;
				CLANG_WARN__DUPLICATE_METHOD_MATCH = YES;
				"CODE_SIGN_IDENTITY[sdk=iphoneos*]" = "iPhone Developer";
				COPY_PHASE_STRIP = NO;
				DEBUG_INFORMATION_FORMAT = "dwarf-with-dsym";
				ENABLE_NS_ASSERTIONS = NO;
				ENABLE_STRICT_OBJC_MSGSEND = YES;
				GCC_C_LANGUAGE_STANDARD = gnu99;
				GCC_NO_COMMON_BLOCKS = YES;
				GCC_WARN_64_TO_32_BIT_CONVERSION = YES;
				GCC_WARN_ABOUT_RETURN_TYPE = YES_ERROR;
				GCC_WARN_UNDECLARED_SELECTOR = YES;
				GCC_WARN_UNINITIALIZED_AUTOS = YES_AGGRESSIVE;
				GCC_WARN_UNUSED_FUNCTION = YES;
				GCC_WARN_UNUSED_VARIABLE = YES;
				IPHONEOS_DEPLOYMENT_TARGET = 10.0;
				MTL_ENABLE_DEBUG_INFO = NO;
				SDKROOT = iphoneos;
				VALIDATE_PRODUCT = YES;
			};
			name = Release;
		};
		2566D9781D912F9A001757D1 /* Debug */ = {
			isa = XCBuildConfiguration;
			buildSettings = {
				ASSETCATALOG_COMPILER_APPICON_NAME = AppIcon;
				DEVELOPMENT_TEAM = A6B524L4HD;
				INFOPLIST_FILE = Scoket_ssl/Info.plist;
				IPHONEOS_DEPLOYMENT_TARGET = 8.3;
				LD_RUNPATH_SEARCH_PATHS = "$(inherited) @executable_path/Frameworks";
				PRODUCT_BUNDLE_IDENTIFIER = "com.LuNeng.smartlife.Scoket-ssl";
				PRODUCT_NAME = "$(TARGET_NAME)";
			};
			name = Debug;
		};
		2566D9791D912F9A001757D1 /* Release */ = {
			isa = XCBuildConfiguration;
			buildSettings = {
				ASSETCATALOG_COMPILER_APPICON_NAME = AppIcon;
				DEVELOPMENT_TEAM = A6B524L4HD;
				INFOPLIST_FILE = Scoket_ssl/Info.plist;
				IPHONEOS_DEPLOYMENT_TARGET = 8.3;
				LD_RUNPATH_SEARCH_PATHS = "$(inherited) @executable_path/Frameworks";
				PRODUCT_BUNDLE_IDENTIFIER = "com.LuNeng.smartlife.Scoket-ssl";
				PRODUCT_NAME = "$(TARGET_NAME)";
			};
			name = Release;
		};
		2566D97B1D912F9A001757D1 /* Debug */ = {
			isa = XCBuildConfiguration;
			buildSettings = {
				BUNDLE_LOADER = "$(TEST_HOST)";
				INFOPLIST_FILE = Scoket_sslTests/Info.plist;
				LD_RUNPATH_SEARCH_PATHS = "$(inherited) @executable_path/Frameworks @loader_path/Frameworks";
				PRODUCT_BUNDLE_IDENTIFIER = "com.LuNeng.smartlife.Scoket-sslTests";
				PRODUCT_NAME = "$(TARGET_NAME)";
				TEST_HOST = "$(BUILT_PRODUCTS_DIR)/Scoket_ssl.app/Scoket_ssl";
			};
			name = Debug;
		};
		2566D97C1D912F9A001757D1 /* Release */ = {
			isa = XCBuildConfiguration;
			buildSettings = {
				BUNDLE_LOADER = "$(TEST_HOST)";
				INFOPLIST_FILE = Scoket_sslTests/Info.plist;
				LD_RUNPATH_SEARCH_PATHS = "$(inherited) @executable_path/Frameworks @loader_path/Frameworks";
				PRODUCT_BUNDLE_IDENTIFIER = "com.LuNeng.smartlife.Scoket-sslTests";
				PRODUCT_NAME = "$(TARGET_NAME)";
				TEST_HOST = "$(BUILT_PRODUCTS_DIR)/Scoket_ssl.app/Scoket_ssl";
			};
			name = Release;
		};
		2566D97E1D912F9A001757D1 /* Debug */ = {
			isa = XCBuildConfiguration;
			buildSettings = {
				INFOPLIST_FILE = Scoket_sslUITests/Info.plist;
				LD_RUNPATH_SEARCH_PATHS = "$(inherited) @executable_path/Frameworks @loader_path/Frameworks";
				PRODUCT_BUNDLE_IDENTIFIER = "com.LuNeng.smartlife.Scoket-sslUITests";
				PRODUCT_NAME = "$(TARGET_NAME)";
				TEST_TARGET_NAME = Scoket_ssl;
			};
			name = Debug;
		};
		2566D97F1D912F9A001757D1 /* Release */ = {
			isa = XCBuildConfiguration;
			buildSettings = {
				INFOPLIST_FILE = Scoket_sslUITests/Info.plist;
				LD_RUNPATH_SEARCH_PATHS = "$(inherited) @executable_path/Frameworks @loader_path/Frameworks";
				PRODUCT_BUNDLE_IDENTIFIER = "com.LuNeng.smartlife.Scoket-sslUITests";
				PRODUCT_NAME = "$(TARGET_NAME)";
				TEST_TARGET_NAME = Scoket_ssl;
			};
			name = Release;
		};
/* End XCBuildConfiguration section */

/* Begin XCConfigurationList section */
		2566D9451D912F9A001757D1 /* Build configuration list for PBXProject "Scoket_ssl" */ = {
			isa = XCConfigurationList;
			buildConfigurations = (
				2566D9751D912F9A001757D1 /* Debug */,
				2566D9761D912F9A001757D1 /* Release */,
			);
			defaultConfigurationIsVisible = 0;
			defaultConfigurationName = Release;
		};
		2566D9771D912F9A001757D1 /* Build configuration list for PBXNativeTarget "Scoket_ssl" */ = {
			isa = XCConfigurationList;
			buildConfigurations = (
				2566D9781D912F9A001757D1 /* Debug */,
				2566D9791D912F9A001757D1 /* Release */,
			);
			defaultConfigurationIsVisible = 0;
			defaultConfigurationName = Release;
		};
		2566D97A1D912F9A001757D1 /* Build configuration list for PBXNativeTarget "Scoket_sslTests" */ = {
			isa = XCConfigurationList;
			buildConfigurations = (
				2566D97B1D912F9A001757D1 /* Debug */,
				2566D97C1D912F9A001757D1 /* Release */,
			);
			defaultConfigurationIsVisible = 0;
			defaultConfigurationName = Release;
		};
		2566D97D1D912F9A001757D1 /* Build configuration list for PBXNativeTarget "Scoket_sslUITests" */ = {
			isa = XCConfigurationList;
			buildConfigurations = (
				2566D97E1D912F9A001757D1 /* Debug */,
				2566D97F1D912F9A001757D1 /* Release */,
			);
			defaultConfigurationIsVisible = 0;
			defaultConfigurationName = Release;
		};
/* End XCConfigurationList section */
	};
	rootObject = 2566D9421D912F9A001757D1 /* Project object */;
}
